
Microsoft Visual Studio Solution File, Format Version 12.00
# Visual Studio Version 16
VisualStudioVersion = 16.0.31729.503
MinimumVisualStudioVersion = 10.0.40219.1
Project("{FAE04EC0-301F-11D3-BF4B-00C04F79EFBC}") = "SnowDocumentDownloader", "SnowDocumentDownloader.csproj", "{ED6BF7F5-4962-4D7B-8C3D-CB0046F886CA}"
EndProject
Global
	GlobalSection(SolutionConfigurationPlatforms) = preSolution
		Debug|Any CPU = Debug|Any CPU
		Debug|x64 = Debug|x64
		Release|Any CPU = Release|Any CPU
		Release|x64 = Release|x64
	EndGlobalSection
	GlobalSection(ProjectConfigurationPlatforms) = postSolution
		{ED6BF7F5-4962-4D7B-8C3D-CB0046F886CA}.Debug|Any CPU.ActiveCfg = Debug|Any CPU
		{ED6BF7F5-4962-4D7B-8C3D-CB0046F886CA}.Debug|Any CPU.Build.0 = Debug|Any CPU
		{ED6BF7F5-4962-4D7B-8C3D-CB0046F886CA}.Debug|x64.ActiveCfg = Debug|x64
		{ED6BF7F5-4962-4D7B-8C3D-CB0046F886CA}.Debug|x64.Build.0 = Debug|x64
		{ED6BF7F5-4962-4D7B-8C3D-CB0046F886CA}.Release|Any CPU.ActiveCfg = Release|Any CPU
		{ED6BF7F5-4962-4D7B-8C3D-CB0046F886CA}.Release|Any CPU.Build.0 = Release|Any CPU
		{ED6BF7F5-4962-4D7B-8C3D-CB0046F886CA}.Release|x64.ActiveCfg = Release|x64
		{ED6BF7F5-4962-4D7B-8C3D-CB0046F886CA}.Release|x64.Build.0 = Release|x64
	EndGlobalSection
	GlobalSection(SolutionProperties) = preSolution
		HideSolutionNode = FALSE
	EndGlobalSection
	GlobalSection(ExtensibilityGlobals) = postSolution
		SolutionGuid = {A3229C99-BCE5-46A5-85AA-03930002CB87}
	EndGlobalSection
EndGlobal
